{
  "pins" : [
    {
      "identity" : "100ms-roomkit-models-ios",
      "kind" : "remoteSourceControl",
      "location" : "https://github.com/100mslive/100ms-roomkit-models-ios",
      "state" : {
        "branch" : "development",
        "revision" : "b391a512c1a7945aa4ea8b1d3a3ed9c39c09846b"
      }
    },
    {
      "identity" : "popovers",
      "kind" : "remoteSourceControl",
      "location" : "https://github.com/100mslive/Popovers",
      "state" : {
        "branch" : "main",
        "revision" : "f9743225a3d1b8acf080be0b16c8b288588269dc"
      }
    }
  ],
  "version" : 2
}
