{
  "pins" : [
    {
      "identity" : "100ms-roomkit-models-ios",
      "kind" : "remoteSourceControl",
      "location" : "https://github.com/100mslive/100ms-roomkit-models-ios",
      "state" : {
        "branch" : "improve-public-api",
        "revision" : "9657c85db2100ac4c44fa6b2d61b5e3f4ee36def"
      }
    },
    {
      "identity" : "popovers",
      "kind" : "remoteSourceControl",
      "location" : "https://github.com/100mslive/Popovers",
      "state" : {
        "branch" : "main",
        "revision" : "f9743225a3d1b8acf080be0b16c8b288588269dc"
      }
    }
  ],
  "version" : 2
}
