{
  "pins" : [
    {
      "identity" : "100ms-roomkit-models-ios",
      "kind" : "remoteSourceControl",
      "location" : "https://github.com/100mslive/100ms-roomkit-models-ios",
      "state" : {
        "branch" : "development",
        "revision" : "07c2ad14552eda336e47b72e4d0214b26395490e"
      }
    },
    {
      "identity" : "popovers",
      "kind" : "remoteSourceControl",
      "location" : "https://github.com/100mslive/Popovers",
      "state" : {
        "branch" : "main",
        "revision" : "f9743225a3d1b8acf080be0b16c8b288588269dc"
      }
    }
  ],
  "version" : 2
}
