{
  "pins" : [
    {
      "identity" : "100ms-ios-broadcast-sdk",
      "kind" : "remoteSourceControl",
      "location" : "https://github.com/100mslive/100ms-ios-broadcast-sdk.git",
      "state" : {
        "revision" : "f4c834ec1f04eb647d8e5e554f6e85ee6c000307",
        "version" : "0.0.9"
      }
    },
    {
      "identity" : "100ms-roomkit-ios",
      "kind" : "remoteSourceControl",
      "location" : "https://github.com/100mslive/100ms-roomkit-ios",
      "state" : {
        "branch" : "development",
        "revision" : "888c679fa4319c5ed7023637c6c4bf75fa1d0bd2"
      }
    },
    {
      "identity" : "100ms-roomkit-models-ios",
      "kind" : "remoteSourceControl",
      "location" : "https://github.com/100mslive/100ms-roomkit-models-ios",
      "state" : {
        "branch" : "development",
        "revision" : "d0429daf6d181991d8dda163f7cd6412032c6734"
      }
    },
    {
      "identity" : "popovers",
      "kind" : "remoteSourceControl",
      "location" : "https://github.com/100mslive/Popovers",
      "state" : {
        "branch" : "main",
        "revision" : "f9743225a3d1b8acf080be0b16c8b288588269dc"
      }
    }
  ],
  "version" : 2
}
