{
  "pins" : [
    {
      "identity" : "100ms-roomkit-ios",
      "kind" : "remoteSourceControl",
      "location" : "https://github.com/100mslive/100ms-roomkit-ios",
      "state" : {
        "branch" : "development",
        "revision" : "a1479555e46ce5136df436ecb9789acb10ce10c9"
      }
    },
    {
      "identity" : "100ms-roomkit-models-ios",
      "kind" : "remoteSourceControl",
      "location" : "https://github.com/100mslive/100ms-roomkit-models-ios",
      "state" : {
        "branch" : "development",
        "revision" : "168f34a6a90412467e29ccec4cc4e7df01b744e6"
      }
    },
    {
      "identity" : "popovers",
      "kind" : "remoteSourceControl",
      "location" : "https://github.com/100mslive/Popovers",
      "state" : {
        "branch" : "main",
        "revision" : "f9743225a3d1b8acf080be0b16c8b288588269dc"
      }
    }
  ],
  "version" : 2
}
