{
  "pins" : [
    {
      "identity" : "100ms-ios-broadcast-sdk",
      "kind" : "remoteSourceControl",
      "location" : "https://github.com/100mslive/100ms-ios-broadcast-sdk.git",
      "state" : {
        "revision" : "5a6c817292ff786ee08e44b31ee6e6a7b9a52631",
        "version" : "1.0.0"
      }
    },
    {
      "identity" : "lottie-spm",
      "kind" : "remoteSourceControl",
      "location" : "https://github.com/airbnb/lottie-spm.git",
      "state" : {
        "revision" : "2ae19d3c4f1603b45e551e6bebf02f523ca22a2e",
        "version" : "4.3.0"
      }
    },
    {
      "identity" : "popovers",
      "kind" : "remoteSourceControl",
      "location" : "https://github.com/100mslive/Popovers",
      "state" : {
        "revision" : "f9743225a3d1b8acf080be0b16c8b288588269dc",
        "version" : "1.0.0"
      }
    }
  ],
  "version" : 2
}
