{
  "pins" : [
    {
      "identity" : "100ms-ios-broadcast-sdk",
      "kind" : "remoteSourceControl",
      "location" : "https://github.com/100mslive/100ms-ios-broadcast-sdk.git",
      "state" : {
        "revision" : "f4c834ec1f04eb647d8e5e554f6e85ee6c000307",
        "version" : "0.0.9"
      }
    },
    {
      "identity" : "popovers",
      "kind" : "remoteSourceControl",
      "location" : "https://github.com/100mslive/Popovers",
      "state" : {
        "revision" : "f9743225a3d1b8acf080be0b16c8b288588269dc",
        "version" : "1.0.0"
      }
    }
  ],
  "version" : 2
}
