// !$*UTF8*$!
{
	archiveVersion = 1;
	classes = {
	};
	objectVersion = 56;
	objects = {

/* Begin PBXBuildFile section */
		870049232AA9E30F00A7850D /* ReplayKit.framework in Frameworks */ = {isa = PBXBuildFile; fileRef = 870049222AA9E30E00A7850D /* ReplayKit.framework */; };
		870049262AA9E30F00A7850D /* SampleHandler.swift in Sources */ = {isa = PBXBuildFile; fileRef = 870049252AA9E30F00A7850D /* SampleHandler.swift */; };
		8700492A2AA9E30F00A7850D /* Screenshare.appex in Embed Foundation Extensions */ = {isa = PBXBuildFile; fileRef = 870049202AA9E30E00A7850D /* Screenshare.appex */; settings = {ATTRIBUTES = (RemoveHeadersOnCopy, ); }; };
		870049312AA9E37100A7850D /* HMSBroadcastExtensionSDK in Frameworks */ = {isa = PBXBuildFile; productRef = 870049302AA9E37100A7850D /* HMSBroadcastExtensionSDK */; };
		870049332AA9E37A00A7850D /* HMSBroadcastExtensionSDK in Frameworks */ = {isa = PBXBuildFile; productRef = 870049322AA9E37A00A7850D /* HMSBroadcastExtensionSDK */; };
		870EC5BB2AA8D4DC005D6599 /* HMSRoomKit in Frameworks */ = {isa = PBXBuildFile; productRef = 870EC5BA2AA8D4DC005D6599 /* HMSRoomKit */; };
		870EC5BD2AA8D517005D6599 /* JoiningView.swift in Sources */ = {isa = PBXBuildFile; fileRef = 870EC5BC2AA8D517005D6599 /* JoiningView.swift */; };
		879325682AA8D46B00A9F241 /* HMSRoomKitExampleApp.swift in Sources */ = {isa = PBXBuildFile; fileRef = 879325672AA8D46B00A9F241 /* HMSRoomKitExampleApp.swift */; };
		8793256A2AA8D46B00A9F241 /* ContentView.swift in Sources */ = {isa = PBXBuildFile; fileRef = 879325692AA8D46B00A9F241 /* ContentView.swift */; };
		8793256C2AA8D46C00A9F241 /* Assets.xcassets in Resources */ = {isa = PBXBuildFile; fileRef = 8793256B2AA8D46C00A9F241 /* Assets.xcassets */; };
		8793256F2AA8D46C00A9F241 /* Preview Assets.xcassets in Resources */ = {isa = PBXBuildFile; fileRef = 8793256E2AA8D46C00A9F241 /* Preview Assets.xcassets */; };
/* End PBXBuildFile section */

/* Begin PBXContainerItemProxy section */
		870049282AA9E30F00A7850D /* PBXContainerItemProxy */ = {
			isa = PBXContainerItemProxy;
			containerPortal = 8793255C2AA8D46B00A9F241 /* Project object */;
			proxyType = 1;
			remoteGlobalIDString = 8700491F2AA9E30E00A7850D;
			remoteInfo = Screenshare;
		};
/* End PBXContainerItemProxy section */

/* Begin PBXCopyFilesBuildPhase section */
		8700492B2AA9E30F00A7850D /* Embed Foundation Extensions */ = {
			isa = PBXCopyFilesBuildPhase;
			buildActionMask = 2147483647;
			dstPath = "";
			dstSubfolderSpec = 13;
			files = (
				8700492A2AA9E30F00A7850D /* Screenshare.appex in Embed Foundation Extensions */,
			);
			name = "Embed Foundation Extensions";
			runOnlyForDeploymentPostprocessing = 0;
		};
/* End PBXCopyFilesBuildPhase section */

/* Begin PBXFileReference section */
		870049202AA9E30E00A7850D /* Screenshare.appex */ = {isa = PBXFileReference; explicitFileType = "wrapper.app-extension"; includeInIndex = 0; path = Screenshare.appex; sourceTree = BUILT_PRODUCTS_DIR; };
		870049222AA9E30E00A7850D /* ReplayKit.framework */ = {isa = PBXFileReference; lastKnownFileType = wrapper.framework; name = ReplayKit.framework; path = System/Library/Frameworks/ReplayKit.framework; sourceTree = SDKROOT; };
		870049252AA9E30F00A7850D /* SampleHandler.swift */ = {isa = PBXFileReference; lastKnownFileType = sourcecode.swift; path = SampleHandler.swift; sourceTree = "<group>"; };
		870049272AA9E30F00A7850D /* Info.plist */ = {isa = PBXFileReference; lastKnownFileType = text.plist.xml; path = Info.plist; sourceTree = "<group>"; };
		870049342AA9E3E700A7850D /* HMSRoomKitExample.entitlements */ = {isa = PBXFileReference; lastKnownFileType = text.plist.entitlements; path = HMSRoomKitExample.entitlements; sourceTree = "<group>"; };
		870049352AA9E43000A7850D /* Screenshare.entitlements */ = {isa = PBXFileReference; lastKnownFileType = text.plist.entitlements; path = Screenshare.entitlements; sourceTree = "<group>"; };
		870EC5BC2AA8D517005D6599 /* JoiningView.swift */ = {isa = PBXFileReference; fileEncoding = 4; lastKnownFileType = sourcecode.swift; path = JoiningView.swift; sourceTree = "<group>"; };
		879325642AA8D46B00A9F241 /* HMSRoomKitExample.app */ = {isa = PBXFileReference; explicitFileType = wrapper.application; includeInIndex = 0; path = HMSRoomKitExample.app; sourceTree = BUILT_PRODUCTS_DIR; };
		879325672AA8D46B00A9F241 /* HMSRoomKitExampleApp.swift */ = {isa = PBXFileReference; lastKnownFileType = sourcecode.swift; path = HMSRoomKitExampleApp.swift; sourceTree = "<group>"; };
		879325692AA8D46B00A9F241 /* ContentView.swift */ = {isa = PBXFileReference; lastKnownFileType = sourcecode.swift; path = ContentView.swift; sourceTree = "<group>"; };
		8793256B2AA8D46C00A9F241 /* Assets.xcassets */ = {isa = PBXFileReference; lastKnownFileType = folder.assetcatalog; path = Assets.xcassets; sourceTree = "<group>"; };
		8793256E2AA8D46C00A9F241 /* Preview Assets.xcassets */ = {isa = PBXFileReference; lastKnownFileType = folder.assetcatalog; path = "Preview Assets.xcassets"; sourceTree = "<group>"; };
		87D35C4E2AAA1F8B009D2722 /* Info.plist */ = {isa = PBXFileReference; lastKnownFileType = text.plist; path = Info.plist; sourceTree = "<group>"; };
/* End PBXFileReference section */

/* Begin PBXFrameworksBuildPhase section */
		8700491D2AA9E30E00A7850D /* Frameworks */ = {
			isa = PBXFrameworksBuildPhase;
			buildActionMask = 2147483647;
			files = (
				870049332AA9E37A00A7850D /* HMSBroadcastExtensionSDK in Frameworks */,
				870049232AA9E30F00A7850D /* ReplayKit.framework in Frameworks */,
			);
			runOnlyForDeploymentPostprocessing = 0;
		};
		879325612AA8D46B00A9F241 /* Frameworks */ = {
			isa = PBXFrameworksBuildPhase;
			buildActionMask = 2147483647;
			files = (
				870049312AA9E37100A7850D /* HMSBroadcastExtensionSDK in Frameworks */,
				870EC5BB2AA8D4DC005D6599 /* HMSRoomKit in Frameworks */,
			);
			runOnlyForDeploymentPostprocessing = 0;
		};
/* End PBXFrameworksBuildPhase section */

/* Begin PBXGroup section */
		870049212AA9E30E00A7850D /* Frameworks */ = {
			isa = PBXGroup;
			children = (
				870049222AA9E30E00A7850D /* ReplayKit.framework */,
			);
			name = Frameworks;
			sourceTree = "<group>";
		};
		870049242AA9E30F00A7850D /* Screenshare */ = {
			isa = PBXGroup;
			children = (
				870049352AA9E43000A7850D /* Screenshare.entitlements */,
				870049252AA9E30F00A7850D /* SampleHandler.swift */,
				870049272AA9E30F00A7850D /* Info.plist */,
			);
			path = Screenshare;
			sourceTree = "<group>";
		};
		8793255B2AA8D46B00A9F241 = {
			isa = PBXGroup;
			children = (
				879325662AA8D46B00A9F241 /* HMSRoomKitExample */,
				870049242AA9E30F00A7850D /* Screenshare */,
				870049212AA9E30E00A7850D /* Frameworks */,
				879325652AA8D46B00A9F241 /* Products */,
			);
			sourceTree = "<group>";
		};
		879325652AA8D46B00A9F241 /* Products */ = {
			isa = PBXGroup;
			children = (
				879325642AA8D46B00A9F241 /* HMSRoomKitExample.app */,
				870049202AA9E30E00A7850D /* Screenshare.appex */,
			);
			name = Products;
			sourceTree = "<group>";
		};
		879325662AA8D46B00A9F241 /* HMSRoomKitExample */ = {
			isa = PBXGroup;
			children = (
				87D35C4E2AAA1F8B009D2722 /* Info.plist */,
				870049342AA9E3E700A7850D /* HMSRoomKitExample.entitlements */,
				879325672AA8D46B00A9F241 /* HMSRoomKitExampleApp.swift */,
				879325692AA8D46B00A9F241 /* ContentView.swift */,
				870EC5BC2AA8D517005D6599 /* JoiningView.swift */,
				8793256B2AA8D46C00A9F241 /* Assets.xcassets */,
				8793256D2AA8D46C00A9F241 /* Preview Content */,
			);
			path = HMSRoomKitExample;
			sourceTree = "<group>";
		};
		8793256D2AA8D46C00A9F241 /* Preview Content */ = {
			isa = PBXGroup;
			children = (
				8793256E2AA8D46C00A9F241 /* Preview Assets.xcassets */,
			);
			path = "Preview Content";
			sourceTree = "<group>";
		};
/* End PBXGroup section */

/* Begin PBXNativeTarget section */
		8700491F2AA9E30E00A7850D /* Screenshare */ = {
			isa = PBXNativeTarget;
			buildConfigurationList = 8700492E2AA9E30F00A7850D /* Build configuration list for PBXNativeTarget "Screenshare" */;
			buildPhases = (
				8700491C2AA9E30E00A7850D /* Sources */,
				8700491D2AA9E30E00A7850D /* Frameworks */,
				8700491E2AA9E30E00A7850D /* Resources */,
			);
			buildRules = (
			);
			dependencies = (
			);
			name = Screenshare;
			packageProductDependencies = (
				870049322AA9E37A00A7850D /* HMSBroadcastExtensionSDK */,
			);
			productName = Screenshare;
			productReference = 870049202AA9E30E00A7850D /* Screenshare.appex */;
			productType = "com.apple.product-type.app-extension";
		};
		879325632AA8D46B00A9F241 /* HMSRoomKitExample */ = {
			isa = PBXNativeTarget;
			buildConfigurationList = 879325722AA8D46C00A9F241 /* Build configuration list for PBXNativeTarget "HMSRoomKitExample" */;
			buildPhases = (
				879325602AA8D46B00A9F241 /* Sources */,
				879325612AA8D46B00A9F241 /* Frameworks */,
				879325622AA8D46B00A9F241 /* Resources */,
				8700492B2AA9E30F00A7850D /* Embed Foundation Extensions */,
			);
			buildRules = (
			);
			dependencies = (
				870049292AA9E30F00A7850D /* PBXTargetDependency */,
			);
			name = HMSRoomKitExample;
			packageProductDependencies = (
				870EC5BA2AA8D4DC005D6599 /* HMSRoomKit */,
				870049302AA9E37100A7850D /* HMSBroadcastExtensionSDK */,
			);
			productName = HMSRoomKitExample;
			productReference = 879325642AA8D46B00A9F241 /* HMSRoomKitExample.app */;
			productType = "com.apple.product-type.application";
		};
/* End PBXNativeTarget section */

/* Begin PBXProject section */
		8793255C2AA8D46B00A9F241 /* Project object */ = {
			isa = PBXProject;
			attributes = {
				BuildIndependentTargetsInParallel = 1;
				LastSwiftUpdateCheck = 1500;
				LastUpgradeCheck = 1430;
				TargetAttributes = {
					8700491F2AA9E30E00A7850D = {
						CreatedOnToolsVersion = 15.0;
					};
					879325632AA8D46B00A9F241 = {
						CreatedOnToolsVersion = 14.3;
					};
				};
			};
			buildConfigurationList = 8793255F2AA8D46B00A9F241 /* Build configuration list for PBXProject "HMSRoomKitExample" */;
			compatibilityVersion = "Xcode 14.0";
			developmentRegion = en;
			hasScannedForEncodings = 0;
			knownRegions = (
				en,
				Base,
			);
			mainGroup = 8793255B2AA8D46B00A9F241;
			packageReferences = (
				870EC5B92AA8D4DC005D6599 /* XCRemoteSwiftPackageReference "100ms-roomkit-ios" */,
				8700492F2AA9E37100A7850D /* XCRemoteSwiftPackageReference "100ms-ios-broadcast-sdk" */,
			);
			productRefGroup = 879325652AA8D46B00A9F241 /* Products */;
			projectDirPath = "";
			projectRoot = "";
			targets = (
				879325632AA8D46B00A9F241 /* HMSRoomKitExample */,
				8700491F2AA9E30E00A7850D /* Screenshare */,
			);
		};
/* End PBXProject section */

/* Begin PBXResourcesBuildPhase section */
		8700491E2AA9E30E00A7850D /* Resources */ = {
			isa = PBXResourcesBuildPhase;
			buildActionMask = 2147483647;
			files = (
			);
			runOnlyForDeploymentPostprocessing = 0;
		};
		879325622AA8D46B00A9F241 /* Resources */ = {
			isa = PBXResourcesBuildPhase;
			buildActionMask = 2147483647;
			files = (
				8793256F2AA8D46C00A9F241 /* Preview Assets.xcassets in Resources */,
				8793256C2AA8D46C00A9F241 /* Assets.xcassets in Resources */,
			);
			runOnlyForDeploymentPostprocessing = 0;
		};
/* End PBXResourcesBuildPhase section */

/* Begin PBXSourcesBuildPhase section */
		8700491C2AA9E30E00A7850D /* Sources */ = {
			isa = PBXSourcesBuildPhase;
			buildActionMask = 2147483647;
			files = (
				870049262AA9E30F00A7850D /* SampleHandler.swift in Sources */,
			);
			runOnlyForDeploymentPostprocessing = 0;
		};
		879325602AA8D46B00A9F241 /* Sources */ = {
			isa = PBXSourcesBuildPhase;
			buildActionMask = 2147483647;
			files = (
				8793256A2AA8D46B00A9F241 /* ContentView.swift in Sources */,
				879325682AA8D46B00A9F241 /* HMSRoomKitExampleApp.swift in Sources */,
				870EC5BD2AA8D517005D6599 /* JoiningView.swift in Sources */,
			);
			runOnlyForDeploymentPostprocessing = 0;
		};
/* End PBXSourcesBuildPhase section */

/* Begin PBXTargetDependency section */
		870049292AA9E30F00A7850D /* PBXTargetDependency */ = {
			isa = PBXTargetDependency;
			target = 8700491F2AA9E30E00A7850D /* Screenshare */;
			targetProxy = 870049282AA9E30F00A7850D /* PBXContainerItemProxy */;
		};
/* End PBXTargetDependency section */

/* Begin XCBuildConfiguration section */
		8700492C2AA9E30F00A7850D /* Debug */ = {
			isa = XCBuildConfiguration;
			buildSettings = {
				ASSETCATALOG_COMPILER_GENERATE_SWIFT_ASSET_SYMBOL_EXTENSIONS = YES;
				CODE_SIGN_ENTITLEMENTS = Screenshare/Screenshare.entitlements;
				CODE_SIGN_STYLE = Automatic;
				CURRENT_PROJECT_VERSION = 1;
				DEVELOPMENT_TEAM = 5N85PP82A9;
				ENABLE_USER_SCRIPT_SANDBOXING = YES;
				GCC_C_LANGUAGE_STANDARD = gnu17;
				GENERATE_INFOPLIST_FILE = YES;
				INFOPLIST_FILE = Screenshare/Info.plist;
				INFOPLIST_KEY_CFBundleDisplayName = "100ms Screenshare";
				INFOPLIST_KEY_NSHumanReadableCopyright = "";
				IPHONEOS_DEPLOYMENT_TARGET = 17.0;
				LD_RUNPATH_SEARCH_PATHS = (
					"$(inherited)",
					"@executable_path/Frameworks",
					"@executable_path/../../Frameworks",
				);
				LOCALIZATION_PREFERS_STRING_CATALOGS = YES;
				MARKETING_VERSION = 1.0;
				PRODUCT_BUNDLE_IDENTIFIER = live.100ms.videoapp.roomkit.Screenshare;
				PRODUCT_NAME = "$(TARGET_NAME)";
				SKIP_INSTALL = YES;
				SWIFT_ACTIVE_COMPILATION_CONDITIONS = "DEBUG $(inherited)";
				SWIFT_EMIT_LOC_STRINGS = YES;
				SWIFT_VERSION = 5.0;
				TARGETED_DEVICE_FAMILY = "1,2";
			};
			name = Debug;
		};
		8700492D2AA9E30F00A7850D /* Release */ = {
			isa = XCBuildConfiguration;
			buildSettings = {
				ASSETCATALOG_COMPILER_GENERATE_SWIFT_ASSET_SYMBOL_EXTENSIONS = YES;
				CODE_SIGN_ENTITLEMENTS = Screenshare/Screenshare.entitlements;
				CODE_SIGN_STYLE = Automatic;
				CURRENT_PROJECT_VERSION = 1;
				DEVELOPMENT_TEAM = 5N85PP82A9;
				ENABLE_USER_SCRIPT_SANDBOXING = YES;
				GCC_C_LANGUAGE_STANDARD = gnu17;
				GENERATE_INFOPLIST_FILE = YES;
				INFOPLIST_FILE = Screenshare/Info.plist;
				INFOPLIST_KEY_CFBundleDisplayName = "100ms Screenshare";
				INFOPLIST_KEY_NSHumanReadableCopyright = "";
				IPHONEOS_DEPLOYMENT_TARGET = 17.0;
				LD_RUNPATH_SEARCH_PATHS = (
					"$(inherited)",
					"@executable_path/Frameworks",
					"@executable_path/../../Frameworks",
				);
				LOCALIZATION_PREFERS_STRING_CATALOGS = YES;
				MARKETING_VERSION = 1.0;
				PRODUCT_BUNDLE_IDENTIFIER = live.100ms.videoapp.roomkit.Screenshare;
				PRODUCT_NAME = "$(TARGET_NAME)";
				SKIP_INSTALL = YES;
				SWIFT_EMIT_LOC_STRINGS = YES;
				SWIFT_VERSION = 5.0;
				TARGETED_DEVICE_FAMILY = "1,2";
			};
			name = Release;
		};
		879325702AA8D46C00A9F241 /* Debug */ = {
			isa = XCBuildConfiguration;
			buildSettings = {
				ALWAYS_SEARCH_USER_PATHS = NO;
				CLANG_ANALYZER_NONNULL = YES;
				CLANG_ANALYZER_NUMBER_OBJECT_CONVERSION = YES_AGGRESSIVE;
				CLANG_CXX_LANGUAGE_STANDARD = "gnu++20";
				CLANG_ENABLE_MODULES = YES;
				CLANG_ENABLE_OBJC_ARC = YES;
				CLANG_ENABLE_OBJC_WEAK = YES;
				CLANG_WARN_BLOCK_CAPTURE_AUTORELEASING = YES;
				CLANG_WARN_BOOL_CONVERSION = YES;
				CLANG_WARN_COMMA = YES;
				CLANG_WARN_CONSTANT_CONVERSION = YES;
				CLANG_WARN_DEPRECATED_OBJC_IMPLEMENTATIONS = YES;
				CLANG_WARN_DIRECT_OBJC_ISA_USAGE = YES_ERROR;
				CLANG_WARN_DOCUMENTATION_COMMENTS = YES;
				CLANG_WARN_EMPTY_BODY = YES;
				CLANG_WARN_ENUM_CONVERSION = YES;
				CLANG_WARN_INFINITE_RECURSION = YES;
				CLANG_WARN_INT_CONVERSION = YES;
				CLANG_WARN_NON_LITERAL_NULL_CONVERSION = YES;
				CLANG_WARN_OBJC_IMPLICIT_RETAIN_SELF = YES;
				CLANG_WARN_OBJC_LITERAL_CONVERSION = YES;
				CLANG_WARN_OBJC_ROOT_CLASS = YES_ERROR;
				CLANG_WARN_QUOTED_INCLUDE_IN_FRAMEWORK_HEADER = YES;
				CLANG_WARN_RANGE_LOOP_ANALYSIS = YES;
				CLANG_WARN_STRICT_PROTOTYPES = YES;
				CLANG_WARN_SUSPICIOUS_MOVE = YES;
				CLANG_WARN_UNGUARDED_AVAILABILITY = YES_AGGRESSIVE;
				CLANG_WARN_UNREACHABLE_CODE = YES;
				CLANG_WARN__DUPLICATE_METHOD_MATCH = YES;
				COPY_PHASE_STRIP = NO;
				DEBUG_INFORMATION_FORMAT = dwarf;
				ENABLE_STRICT_OBJC_MSGSEND = YES;
				ENABLE_TESTABILITY = YES;
				GCC_C_LANGUAGE_STANDARD = gnu11;
				GCC_DYNAMIC_NO_PIC = NO;
				GCC_NO_COMMON_BLOCKS = YES;
				GCC_OPTIMIZATION_LEVEL = 0;
				GCC_PREPROCESSOR_DEFINITIONS = (
					"DEBUG=1",
					"$(inherited)",
				);
				GCC_WARN_64_TO_32_BIT_CONVERSION = YES;
				GCC_WARN_ABOUT_RETURN_TYPE = YES_ERROR;
				GCC_WARN_UNDECLARED_SELECTOR = YES;
				GCC_WARN_UNINITIALIZED_AUTOS = YES_AGGRESSIVE;
				GCC_WARN_UNUSED_FUNCTION = YES;
				GCC_WARN_UNUSED_VARIABLE = YES;
				IPHONEOS_DEPLOYMENT_TARGET = 16.4;
				MTL_ENABLE_DEBUG_INFO = INCLUDE_SOURCE;
				MTL_FAST_MATH = YES;
				ONLY_ACTIVE_ARCH = YES;
				SDKROOT = iphoneos;
				SWIFT_ACTIVE_COMPILATION_CONDITIONS = DEBUG;
				SWIFT_OPTIMIZATION_LEVEL = "-Onone";
			};
			name = Debug;
		};
		879325712AA8D46C00A9F241 /* Release */ = {
			isa = XCBuildConfiguration;
			buildSettings = {
				ALWAYS_SEARCH_USER_PATHS = NO;
				CLANG_ANALYZER_NONNULL = YES;
				CLANG_ANALYZER_NUMBER_OBJECT_CONVERSION = YES_AGGRESSIVE;
				CLANG_CXX_LANGUAGE_STANDARD = "gnu++20";
				CLANG_ENABLE_MODULES = YES;
				CLANG_ENABLE_OBJC_ARC = YES;
				CLANG_ENABLE_OBJC_WEAK = YES;
				CLANG_WARN_BLOCK_CAPTURE_AUTORELEASING = YES;
				CLANG_WARN_BOOL_CONVERSION = YES;
				CLANG_WARN_COMMA = YES;
				CLANG_WARN_CONSTANT_CONVERSION = YES;
				CLANG_WARN_DEPRECATED_OBJC_IMPLEMENTATIONS = YES;
				CLANG_WARN_DIRECT_OBJC_ISA_USAGE = YES_ERROR;
				CLANG_WARN_DOCUMENTATION_COMMENTS = YES;
				CLANG_WARN_EMPTY_BODY = YES;
				CLANG_WARN_ENUM_CONVERSION = YES;
				CLANG_WARN_INFINITE_RECURSION = YES;
				CLANG_WARN_INT_CONVERSION = YES;
				CLANG_WARN_NON_LITERAL_NULL_CONVERSION = YES;
				CLANG_WARN_OBJC_IMPLICIT_RETAIN_SELF = YES;
				CLANG_WARN_OBJC_LITERAL_CONVERSION = YES;
				CLANG_WARN_OBJC_ROOT_CLASS = YES_ERROR;
				CLANG_WARN_QUOTED_INCLUDE_IN_FRAMEWORK_HEADER = YES;
				CLANG_WARN_RANGE_LOOP_ANALYSIS = YES;
				CLANG_WARN_STRICT_PROTOTYPES = YES;
				CLANG_WARN_SUSPICIOUS_MOVE = YES;
				CLANG_WARN_UNGUARDED_AVAILABILITY = YES_AGGRESSIVE;
				CLANG_WARN_UNREACHABLE_CODE = YES;
				CLANG_WARN__DUPLICATE_METHOD_MATCH = YES;
				COPY_PHASE_STRIP = NO;
				DEBUG_INFORMATION_FORMAT = "dwarf-with-dsym";
				ENABLE_NS_ASSERTIONS = NO;
				ENABLE_STRICT_OBJC_MSGSEND = YES;
				GCC_C_LANGUAGE_STANDARD = gnu11;
				GCC_NO_COMMON_BLOCKS = YES;
				GCC_WARN_64_TO_32_BIT_CONVERSION = YES;
				GCC_WARN_ABOUT_RETURN_TYPE = YES_ERROR;
				GCC_WARN_UNDECLARED_SELECTOR = YES;
				GCC_WARN_UNINITIALIZED_AUTOS = YES_AGGRESSIVE;
				GCC_WARN_UNUSED_FUNCTION = YES;
				GCC_WARN_UNUSED_VARIABLE = YES;
				IPHONEOS_DEPLOYMENT_TARGET = 16.4;
				MTL_ENABLE_DEBUG_INFO = NO;
				MTL_FAST_MATH = YES;
				SDKROOT = iphoneos;
				SWIFT_COMPILATION_MODE = wholemodule;
				SWIFT_OPTIMIZATION_LEVEL = "-O";
				VALIDATE_PRODUCT = YES;
			};
			name = Release;
		};
		879325732AA8D46C00A9F241 /* Debug */ = {
			isa = XCBuildConfiguration;
			buildSettings = {
				ALWAYS_EMBED_SWIFT_STANDARD_LIBRARIES = YES;
				ASSETCATALOG_COMPILER_APPICON_NAME = AppIcon;
				ASSETCATALOG_COMPILER_GLOBAL_ACCENT_COLOR_NAME = AccentColor;
				CODE_SIGN_ENTITLEMENTS = HMSRoomKitExample/HMSRoomKitExample.entitlements;
				CODE_SIGN_STYLE = Automatic;
				CURRENT_PROJECT_VERSION = 1;
				DEVELOPMENT_ASSET_PATHS = "\"HMSRoomKitExample/Preview Content\"";
				DEVELOPMENT_TEAM = 5N85PP82A9;
				ENABLE_PREVIEWS = YES;
				GENERATE_INFOPLIST_FILE = YES;
				INFOPLIST_FILE = HMSRoomKitExample/Info.plist;
				INFOPLIST_KEY_NSCameraUsageDescription = "100ms needs access to Camera to enable high quality video conferencing.";
				INFOPLIST_KEY_NSLocalNetworkUsageDescription = "100ms needs access to Local Network to enable high quality video conferencing.";
				INFOPLIST_KEY_NSMicrophoneUsageDescription = "100ms needs access to Microphone to enable high quality video conferencing.";
				INFOPLIST_KEY_UIApplicationSceneManifest_Generation = YES;
				INFOPLIST_KEY_UIApplicationSupportsIndirectInputEvents = YES;
				INFOPLIST_KEY_UILaunchScreen_Generation = YES;
				INFOPLIST_KEY_UISupportedInterfaceOrientations_iPad = "UIInterfaceOrientationPortrait UIInterfaceOrientationPortraitUpsideDown UIInterfaceOrientationLandscapeLeft UIInterfaceOrientationLandscapeRight";
				INFOPLIST_KEY_UISupportedInterfaceOrientations_iPhone = "UIInterfaceOrientationPortrait UIInterfaceOrientationLandscapeLeft UIInterfaceOrientationLandscapeRight";
				IPHONEOS_DEPLOYMENT_TARGET = 15.0;
				LD_RUNPATH_SEARCH_PATHS = (
					"$(inherited)",
					"@executable_path/Frameworks",
				);
				MARKETING_VERSION = 1.0;
				PRODUCT_BUNDLE_IDENTIFIER = live.100ms.videoapp.roomkit;
				PRODUCT_NAME = "$(TARGET_NAME)";
				SWIFT_EMIT_LOC_STRINGS = YES;
				SWIFT_VERSION = 5.0;
				TARGETED_DEVICE_FAMILY = "1,2";
			};
			name = Debug;
		};
		879325742AA8D46C00A9F241 /* Release */ = {
			isa = XCBuildConfiguration;
			buildSettings = {
				ALWAYS_EMBED_SWIFT_STANDARD_LIBRARIES = YES;
				ASSETCATALOG_COMPILER_APPICON_NAME = AppIcon;
				ASSETCATALOG_COMPILER_GLOBAL_ACCENT_COLOR_NAME = AccentColor;
				CODE_SIGN_ENTITLEMENTS = HMSRoomKitExample/HMSRoomKitExample.entitlements;
				CODE_SIGN_STYLE = Automatic;
				CURRENT_PROJECT_VERSION = 1;
				DEVELOPMENT_ASSET_PATHS = "\"HMSRoomKitExample/Preview Content\"";
				DEVELOPMENT_TEAM = 5N85PP82A9;
				ENABLE_PREVIEWS = YES;
				GENERATE_INFOPLIST_FILE = YES;
				INFOPLIST_FILE = HMSRoomKitExample/Info.plist;
				INFOPLIST_KEY_NSCameraUsageDescription = "100ms needs access to Camera to enable high quality video conferencing.";
				INFOPLIST_KEY_NSLocalNetworkUsageDescription = "100ms needs access to Local Network to enable high quality video conferencing.";
				INFOPLIST_KEY_NSMicrophoneUsageDescription = "100ms needs access to Microphone to enable high quality video conferencing.";
				INFOPLIST_KEY_UIApplicationSceneManifest_Generation = YES;
				INFOPLIST_KEY_UIApplicationSupportsIndirectInputEvents = YES;
				INFOPLIST_KEY_UILaunchScreen_Generation = YES;
				INFOPLIST_KEY_UISupportedInterfaceOrientations_iPad = "UIInterfaceOrientationPortrait UIInterfaceOrientationPortraitUpsideDown UIInterfaceOrientationLandscapeLeft UIInterfaceOrientationLandscapeRight";
				INFOPLIST_KEY_UISupportedInterfaceOrientations_iPhone = "UIInterfaceOrientationPortrait UIInterfaceOrientationLandscapeLeft UIInterfaceOrientationLandscapeRight";
				IPHONEOS_DEPLOYMENT_TARGET = 15.0;
				LD_RUNPATH_SEARCH_PATHS = (
					"$(inherited)",
					"@executable_path/Frameworks",
				);
				MARKETING_VERSION = 1.0;
				PRODUCT_BUNDLE_IDENTIFIER = live.100ms.videoapp.roomkit;
				PRODUCT_NAME = "$(TARGET_NAME)";
				SWIFT_EMIT_LOC_STRINGS = YES;
				SWIFT_VERSION = 5.0;
				TARGETED_DEVICE_FAMILY = "1,2";
			};
			name = Release;
		};
/* End XCBuildConfiguration section */

/* Begin XCConfigurationList section */
		8700492E2AA9E30F00A7850D /* Build configuration list for PBXNativeTarget "Screenshare" */ = {
			isa = XCConfigurationList;
			buildConfigurations = (
				8700492C2AA9E30F00A7850D /* Debug */,
				8700492D2AA9E30F00A7850D /* Release */,
			);
			defaultConfigurationIsVisible = 0;
			defaultConfigurationName = Release;
		};
		8793255F2AA8D46B00A9F241 /* Build configuration list for PBXProject "HMSRoomKitExample" */ = {
			isa = XCConfigurationList;
			buildConfigurations = (
				879325702AA8D46C00A9F241 /* Debug */,
				879325712AA8D46C00A9F241 /* Release */,
			);
			defaultConfigurationIsVisible = 0;
			defaultConfigurationName = Release;
		};
		879325722AA8D46C00A9F241 /* Build configuration list for PBXNativeTarget "HMSRoomKitExample" */ = {
			isa = XCConfigurationList;
			buildConfigurations = (
				879325732AA8D46C00A9F241 /* Debug */,
				879325742AA8D46C00A9F241 /* Release */,
			);
			defaultConfigurationIsVisible = 0;
			defaultConfigurationName = Release;
		};
/* End XCConfigurationList section */

/* Begin XCRemoteSwiftPackageReference section */
		8700492F2AA9E37100A7850D /* XCRemoteSwiftPackageReference "100ms-ios-broadcast-sdk" */ = {
			isa = XCRemoteSwiftPackageReference;
			repositoryURL = "https://github.com/100mslive/100ms-ios-broadcast-sdk.git";
			requirement = {
				kind = upToNextMajorVersion;
				minimumVersion = 0.0.9;
			};
		};
		870EC5B92AA8D4DC005D6599 /* XCRemoteSwiftPackageReference "100ms-roomkit-ios" */ = {
			isa = XCRemoteSwiftPackageReference;
			repositoryURL = "https://github.com/100mslive/100ms-roomkit-ios";
			requirement = {
				branch = development;
				kind = branch;
			};
		};
/* End XCRemoteSwiftPackageReference section */

/* Begin XCSwiftPackageProductDependency section */
		870049302AA9E37100A7850D /* HMSBroadcastExtensionSDK */ = {
			isa = XCSwiftPackageProductDependency;
			package = 8700492F2AA9E37100A7850D /* XCRemoteSwiftPackageReference "100ms-ios-broadcast-sdk" */;
			productName = HMSBroadcastExtensionSDK;
		};
		870049322AA9E37A00A7850D /* HMSBroadcastExtensionSDK */ = {
			isa = XCSwiftPackageProductDependency;
			package = 8700492F2AA9E37100A7850D /* XCRemoteSwiftPackageReference "100ms-ios-broadcast-sdk" */;
			productName = HMSBroadcastExtensionSDK;
		};
		870EC5BA2AA8D4DC005D6599 /* HMSRoomKit */ = {
			isa = XCSwiftPackageProductDependency;
			package = 870EC5B92AA8D4DC005D6599 /* XCRemoteSwiftPackageReference "100ms-roomkit-ios" */;
			productName = HMSRoomKit;
		};
/* End XCSwiftPackageProductDependency section */
	};
	rootObject = 8793255C2AA8D46B00A9F241 /* Project object */;
}
