{
  "pins" : [
    {
      "identity" : "100ms-ios-analytics-sdk",
      "kind" : "remoteSourceControl",
      "location" : "https://github.com/100mslive/100ms-ios-analytics-sdk",
      "state" : {
        "revision" : "ffbd36c153603a3309ad9740d287438c4e89bd40",
        "version" : "0.0.2"
      }
    }
  ],
  "version" : 2
}
